// !$*UTF8*$!
{
	archiveVersion = 1;
	classes = {
	};
	objectVersion = 77;
	objects = {

/* Begin PBXBuildFile section */
		5B38ABF22D78786C00456E30 /* GoogleSignIn in Frameworks */ = {isa = PBXBuildFile; productRef = 5B38ABF12D78786C00456E30 /* GoogleSignIn */; };
		5B38ABF42D78786C00456E30 /* GoogleSignInSwift in Frameworks */ = {isa = PBXBuildFile; productRef = 5B38ABF32D78786C00456E30 /* GoogleSignInSwift */; };
		5B38ABF72D78790000456E30 /* KeychainSwift in Frameworks */ = {isa = PBXBuildFile; productRef = 5B38ABF62D78790000456E30 /* KeychainSwift */; };
		5B38AC022D78ADD600456E30 /* ConfettiSwiftUI in Frameworks */ = {isa = PBXBuildFile; productRef = 5B38AC012D78ADD600456E30 /* ConfettiSwiftUI */; };
		5BF207632D7E033800EE5E48 /* StoreKit.framework in Frameworks */ = {isa = PBXBuildFile; fileRef = 5BF207622D7E033800EE5E48 /* StoreKit.framework */; };
		5BF207652D7E050200EE5E48 /* Configuration.storekit in Resources */ = {isa = PBXBuildFile; fileRef = 5BF207642D7E050200EE5E48 /* Configuration.storekit */; };
/* End PBXBuildFile section */

/* Begin PBXContainerItemProxy section */
		5B08EA632D75ED2400AB9F63 /* PBXContainerItemProxy */ = {
			isa = PBXContainerItemProxy;
			containerPortal = 5B08EA4A2D75ED1C00AB9F63 /* Project object */;
			proxyType = 1;
			remoteGlobalIDString = 5B08EA512D75ED1C00AB9F63;
			remoteInfo = "!Flags";
		};
		5B08EA6D2D75ED2400AB9F63 /* PBXContainerItemProxy */ = {
			isa = PBXContainerItemProxy;
			containerPortal = 5B08EA4A2D75ED1C00AB9F63 /* Project object */;
			proxyType = 1;
			remoteGlobalIDString = 5B08EA512D75ED1C00AB9F63;
			remoteInfo = "!Flags";
		};
/* End PBXContainerItemProxy section */

/* Begin PBXFileReference section */
		5B08EA522D75ED1C00AB9F63 /* !Flags.app */ = {isa = PBXFileReference; explicitFileType = wrapper.application; includeInIndex = 0; path = "!Flags.app"; sourceTree = BUILT_PRODUCTS_DIR; };
		5B08EA622D75ED2400AB9F63 /* !FlagsTests.xctest */ = {isa = PBXFileReference; explicitFileType = wrapper.cfbundle; includeInIndex = 0; path = "!FlagsTests.xctest"; sourceTree = BUILT_PRODUCTS_DIR; };
		5B08EA6C2D75ED2400AB9F63 /* !FlagsUITests.xctest */ = {isa = PBXFileReference; explicitFileType = wrapper.cfbundle; includeInIndex = 0; path = "!FlagsUITests.xctest"; sourceTree = BUILT_PRODUCTS_DIR; };
		5BF207622D7E033800EE5E48 /* StoreKit.framework */ = {isa = PBXFileReference; lastKnownFileType = wrapper.framework; name = StoreKit.framework; path = System/Library/Frameworks/StoreKit.framework; sourceTree = SDKROOT; };
		5BF207642D7E050200EE5E48 /* Configuration.storekit */ = {isa = PBXFileReference; lastKnownFileType = text; path = Configuration.storekit; sourceTree = "<group>"; };
/* End PBXFileReference section */

/* Begin PBXFileSystemSynchronizedBuildFileExceptionSet section */
		5B38ABF82D787FF800456E30 /* Exceptions for "!Flags" folder in "!Flags" target */ = {
			isa = PBXFileSystemSynchronizedBuildFileExceptionSet;
			membershipExceptions = (
				Info.plist,
			);
			target = 5B08EA512D75ED1C00AB9F63 /* !Flags */;
		};
/* End PBXFileSystemSynchronizedBuildFileExceptionSet section */

/* Begin PBXFileSystemSynchronizedRootGroup section */
		5B08EA542D75ED1C00AB9F63 /* !Flags */ = {
			isa = PBXFileSystemSynchronizedRootGroup;
			exceptions = (
				5B38ABF82D787FF800456E30 /* Exceptions for "!Flags" folder in "!Flags" target */,
			);
			path = "!Flags";
			sourceTree = "<group>";
		};
		5B08EA652D75ED2400AB9F63 /* !FlagsTests */ = {
			isa = PBXFileSystemSynchronizedRootGroup;
			path = "!FlagsTests";
			sourceTree = "<group>";
		};
		5B08EA6F2D75ED2400AB9F63 /* !FlagsUITests */ = {
			isa = PBXFileSystemSynchronizedRootGroup;
			path = "!FlagsUITests";
			sourceTree = "<group>";
		};
/* End PBXFileSystemSynchronizedRootGroup section */

/* Begin PBXFrameworksBuildPhase section */
		5B08EA4F2D75ED1C00AB9F63 /* Frameworks */ = {
			isa = PBXFrameworksBuildPhase;
			buildActionMask = 2147483647;
			files = (
				5B38ABF72D78790000456E30 /* KeychainSwift in Frameworks */,
				5B38ABF22D78786C00456E30 /* GoogleSignIn in Frameworks */,
				5BF207632D7E033800EE5E48 /* StoreKit.framework in Frameworks */,
				5B38AC022D78ADD600456E30 /* ConfettiSwiftUI in Frameworks */,
				5B38ABF42D78786C00456E30 /* GoogleSignInSwift in Frameworks */,
			);
			runOnlyForDeploymentPostprocessing = 0;
		};
		5B08EA5F2D75ED2400AB9F63 /* Frameworks */ = {
			isa = PBXFrameworksBuildPhase;
			buildActionMask = 2147483647;
			files = (
			);
			runOnlyForDeploymentPostprocessing = 0;
		};
		5B08EA692D75ED2400AB9F63 /* Frameworks */ = {
			isa = PBXFrameworksBuildPhase;
			buildActionMask = 2147483647;
			files = (
			);
			runOnlyForDeploymentPostprocessing = 0;
		};
/* End PBXFrameworksBuildPhase section */

/* Begin PBXGroup section */
		5B08EA492D75ED1C00AB9F63 = {
			isa = PBXGroup;
			children = (
				5BF207642D7E050200EE5E48 /* Configuration.storekit */,
				5B08EA542D75ED1C00AB9F63 /* !Flags */,
				5B08EA652D75ED2400AB9F63 /* !FlagsTests */,
				5B08EA6F2D75ED2400AB9F63 /* !FlagsUITests */,
				5BF2075F2D7E028900EE5E48 /* Frameworks */,
				5B08EA532D75ED1C00AB9F63 /* Products */,
			);
			sourceTree = "<group>";
		};
		5B08EA532D75ED1C00AB9F63 /* Products */ = {
			isa = PBXGroup;
			children = (
				5B08EA522D75ED1C00AB9F63 /* !Flags.app */,
				5B08EA622D75ED2400AB9F63 /* !FlagsTests.xctest */,
				5B08EA6C2D75ED2400AB9F63 /* !FlagsUITests.xctest */,
			);
			name = Products;
			sourceTree = "<group>";
		};
		5BF2075F2D7E028900EE5E48 /* Frameworks */ = {
			isa = PBXGroup;
			children = (
				5BF207622D7E033800EE5E48 /* StoreKit.framework */,
			);
			name = Frameworks;
			sourceTree = "<group>";
		};
/* End PBXGroup section */

/* Begin PBXNativeTarget section */
		5B08EA512D75ED1C00AB9F63 /* !Flags */ = {
			isa = PBXNativeTarget;
			buildConfigurationList = 5B08EA762D75ED2400AB9F63 /* Build configuration list for PBXNativeTarget "!Flags" */;
			buildPhases = (
				5B08EA4E2D75ED1C00AB9F63 /* Sources */,
				5B08EA4F2D75ED1C00AB9F63 /* Frameworks */,
				5B08EA502D75ED1C00AB9F63 /* Resources */,
			);
			buildRules = (
			);
			dependencies = (
			);
			fileSystemSynchronizedGroups = (
				5B08EA542D75ED1C00AB9F63 /* !Flags */,
			);
			name = "!Flags";
			packageProductDependencies = (
				5B38ABF12D78786C00456E30 /* GoogleSignIn */,
				5B38ABF32D78786C00456E30 /* GoogleSignInSwift */,
				5B38ABF62D78790000456E30 /* KeychainSwift */,
				5B38AC012D78ADD600456E30 /* ConfettiSwiftUI */,
			);
			productName = "!Flags";
			productReference = 5B08EA522D75ED1C00AB9F63 /* !Flags.app */;
			productType = "com.apple.product-type.application";
		};
		5B08EA612D75ED2400AB9F63 /* !FlagsTests */ = {
			isa = PBXNativeTarget;
			buildConfigurationList = 5B08EA792D75ED2400AB9F63 /* Build configuration list for PBXNativeTarget "!FlagsTests" */;
			buildPhases = (
				5B08EA5E2D75ED2400AB9F63 /* Sources */,
				5B08EA5F2D75ED2400AB9F63 /* Frameworks */,
				5B08EA602D75ED2400AB9F63 /* Resources */,
			);
			buildRules = (
			);
			dependencies = (
				5B08EA642D75ED2400AB9F63 /* PBXTargetDependency */,
			);
			fileSystemSynchronizedGroups = (
				5B08EA652D75ED2400AB9F63 /* !FlagsTests */,
			);
			name = "!FlagsTests";
			packageProductDependencies = (
			);
			productName = "!FlagsTests";
			productReference = 5B08EA622D75ED2400AB9F63 /* !FlagsTests.xctest */;
			productType = "com.apple.product-type.bundle.unit-test";
		};
		5B08EA6B2D75ED2400AB9F63 /* !FlagsUITests */ = {
			isa = PBXNativeTarget;
			buildConfigurationList = 5B08EA7C2D75ED2400AB9F63 /* Build configuration list for PBXNativeTarget "!FlagsUITests" */;
			buildPhases = (
				5B08EA682D75ED2400AB9F63 /* Sources */,
				5B08EA692D75ED2400AB9F63 /* Frameworks */,
				5B08EA6A2D75ED2400AB9F63 /* Resources */,
			);
			buildRules = (
			);
			dependencies = (
				5B08EA6E2D75ED2400AB9F63 /* PBXTargetDependency */,
			);
			fileSystemSynchronizedGroups = (
				5B08EA6F2D75ED2400AB9F63 /* !FlagsUITests */,
			);
			name = "!FlagsUITests";
			packageProductDependencies = (
			);
			productName = "!FlagsUITests";
			productReference = 5B08EA6C2D75ED2400AB9F63 /* !FlagsUITests.xctest */;
			productType = "com.apple.product-type.bundle.ui-testing";
		};
/* End PBXNativeTarget section */

/* Begin PBXProject section */
		5B08EA4A2D75ED1C00AB9F63 /* Project object */ = {
			isa = PBXProject;
			attributes = {
				BuildIndependentTargetsInParallel = 1;
				LastSwiftUpdateCheck = 1620;
				LastUpgradeCheck = 1620;
				TargetAttributes = {
					5B08EA512D75ED1C00AB9F63 = {
						CreatedOnToolsVersion = 16.2;
					};
					5B08EA612D75ED2400AB9F63 = {
						CreatedOnToolsVersion = 16.2;
						TestTargetID = 5B08EA512D75ED1C00AB9F63;
					};
					5B08EA6B2D75ED2400AB9F63 = {
						CreatedOnToolsVersion = 16.2;
						TestTargetID = 5B08EA512D75ED1C00AB9F63;
					};
				};
			};
			buildConfigurationList = 5B08EA4D2D75ED1C00AB9F63 /* Build configuration list for PBXProject "!Flags" */;
			developmentRegion = en;
			hasScannedForEncodings = 0;
			knownRegions = (
				en,
				uk,
				pl,
			);
			mainGroup = 5B08EA492D75ED1C00AB9F63;
			minimizedProjectReferenceProxies = 1;
			packageReferences = (
				5B38ABF02D78786C00456E30 /* XCRemoteSwiftPackageReference "GoogleSignIn-iOS" */,
				5B38ABF52D78790000456E30 /* XCRemoteSwiftPackageReference "keychain-swift" */,
				5B38AC002D78ADD600456E30 /* XCRemoteSwiftPackageReference "ConfettiSwiftUI" */,
			);
			preferredProjectObjectVersion = 77;
			productRefGroup = 5B08EA532D75ED1C00AB9F63 /* Products */;
			projectDirPath = "";
			projectRoot = "";
			targets = (
				5B08EA512D75ED1C00AB9F63 /* !Flags */,
				5B08EA612D75ED2400AB9F63 /* !FlagsTests */,
				5B08EA6B2D75ED2400AB9F63 /* !FlagsUITests */,
			);
		};
/* End PBXProject section */

/* Begin PBXResourcesBuildPhase section */
		5B08EA502D75ED1C00AB9F63 /* Resources */ = {
			isa = PBXResourcesBuildPhase;
			buildActionMask = 2147483647;
			files = (
				5BF207652D7E050200EE5E48 /* Configuration.storekit in Resources */,
			);
			runOnlyForDeploymentPostprocessing = 0;
		};
		5B08EA602D75ED2400AB9F63 /* Resources */ = {
			isa = PBXResourcesBuildPhase;
			buildActionMask = 2147483647;
			files = (
			);
			runOnlyForDeploymentPostprocessing = 0;
		};
		5B08EA6A2D75ED2400AB9F63 /* Resources */ = {
			isa = PBXResourcesBuildPhase;
			buildActionMask = 2147483647;
			files = (
			);
			runOnlyForDeploymentPostprocessing = 0;
		};
/* End PBXResourcesBuildPhase section */

/* Begin PBXSourcesBuildPhase section */
		5B08EA4E2D75ED1C00AB9F63 /* Sources */ = {
			isa = PBXSourcesBuildPhase;
			buildActionMask = 2147483647;
			files = (
			);
			runOnlyForDeploymentPostprocessing = 0;
		};
		5B08EA5E2D75ED2400AB9F63 /* Sources */ = {
			isa = PBXSourcesBuildPhase;
			buildActionMask = 2147483647;
			files = (
			);
			runOnlyForDeploymentPostprocessing = 0;
		};
		5B08EA682D75ED2400AB9F63 /* Sources */ = {
			isa = PBXSourcesBuildPhase;
			buildActionMask = 2147483647;
			files = (
			);
			runOnlyForDeploymentPostprocessing = 0;
		};
/* End PBXSourcesBuildPhase section */

/* Begin PBXTargetDependency section */
		5B08EA642D75ED2400AB9F63 /* PBXTargetDependency */ = {
			isa = PBXTargetDependency;
			target = 5B08EA512D75ED1C00AB9F63 /* !Flags */;
			targetProxy = 5B08EA632D75ED2400AB9F63 /* PBXContainerItemProxy */;
		};
		5B08EA6E2D75ED2400AB9F63 /* PBXTargetDependency */ = {
			isa = PBXTargetDependency;
			target = 5B08EA512D75ED1C00AB9F63 /* !Flags */;
			targetProxy = 5B08EA6D2D75ED2400AB9F63 /* PBXContainerItemProxy */;
		};
/* End PBXTargetDependency section */

/* Begin XCBuildConfiguration section */
		5B08EA742D75ED2400AB9F63 /* Debug */ = {
			isa = XCBuildConfiguration;
			buildSettings = {
				ALWAYS_SEARCH_USER_PATHS = NO;
				ASSETCATALOG_COMPILER_GENERATE_SWIFT_ASSET_SYMBOL_EXTENSIONS = YES;
				CLANG_ANALYZER_LOCALIZABILITY_NONLOCALIZED = YES;
				CLANG_ANALYZER_NONNULL = YES;
				CLANG_ANALYZER_NUMBER_OBJECT_CONVERSION = YES_AGGRESSIVE;
				CLANG_CXX_LANGUAGE_STANDARD = "gnu++20";
				CLANG_ENABLE_MODULES = YES;
				CLANG_ENABLE_OBJC_ARC = YES;
				CLANG_ENABLE_OBJC_WEAK = YES;
				CLANG_WARN_BLOCK_CAPTURE_AUTORELEASING = YES;
				CLANG_WARN_BOOL_CONVERSION = YES;
				CLANG_WARN_COMMA = YES;
				CLANG_WARN_CONSTANT_CONVERSION = YES;
				CLANG_WARN_DEPRECATED_OBJC_IMPLEMENTATIONS = YES;
				CLANG_WARN_DIRECT_OBJC_ISA_USAGE = YES_ERROR;
				CLANG_WARN_DOCUMENTATION_COMMENTS = YES;
				CLANG_WARN_EMPTY_BODY = YES;
				CLANG_WARN_ENUM_CONVERSION = YES;
				CLANG_WARN_INFINITE_RECURSION = YES;
				CLANG_WARN_INT_CONVERSION = YES;
				CLANG_WARN_NON_LITERAL_NULL_CONVERSION = YES;
				CLANG_WARN_OBJC_IMPLICIT_RETAIN_SELF = YES;
				CLANG_WARN_OBJC_LITERAL_CONVERSION = YES;
				CLANG_WARN_OBJC_ROOT_CLASS = YES_ERROR;
				CLANG_WARN_QUOTED_INCLUDE_IN_FRAMEWORK_HEADER = YES;
				CLANG_WARN_RANGE_LOOP_ANALYSIS = YES;
				CLANG_WARN_STRICT_PROTOTYPES = YES;
				CLANG_WARN_SUSPICIOUS_MOVE = YES;
				CLANG_WARN_UNGUARDED_AVAILABILITY = YES_AGGRESSIVE;
				CLANG_WARN_UNREACHABLE_CODE = YES;
				CLANG_WARN__DUPLICATE_METHOD_MATCH = YES;
				COPY_PHASE_STRIP = NO;
				DEBUG_INFORMATION_FORMAT = dwarf;
				ENABLE_STRICT_OBJC_MSGSEND = YES;
				ENABLE_TESTABILITY = YES;
				ENABLE_USER_SCRIPT_SANDBOXING = YES;
				GCC_C_LANGUAGE_STANDARD = gnu17;
				GCC_DYNAMIC_NO_PIC = NO;
				GCC_NO_COMMON_BLOCKS = YES;
				GCC_OPTIMIZATION_LEVEL = 0;
				GCC_PREPROCESSOR_DEFINITIONS = (
					"DEBUG=1",
					"$(inherited)",
				);
				GCC_WARN_64_TO_32_BIT_CONVERSION = YES;
				GCC_WARN_ABOUT_RETURN_TYPE = YES_ERROR;
				GCC_WARN_UNDECLARED_SELECTOR = YES;
				GCC_WARN_UNINITIALIZED_AUTOS = YES_AGGRESSIVE;
				GCC_WARN_UNUSED_FUNCTION = YES;
				GCC_WARN_UNUSED_VARIABLE = YES;
				IPHONEOS_DEPLOYMENT_TARGET = 18.2;
				LOCALIZATION_PREFERS_STRING_CATALOGS = YES;
				MTL_ENABLE_DEBUG_INFO = INCLUDE_SOURCE;
				MTL_FAST_MATH = YES;
				ONLY_ACTIVE_ARCH = YES;
				SDKROOT = iphoneos;
				SWIFT_ACTIVE_COMPILATION_CONDITIONS = "DEBUG $(inherited)";
				SWIFT_OPTIMIZATION_LEVEL = "-Onone";
			};
			name = Debug;
		};
		5B08EA752D75ED2400AB9F63 /* Release */ = {
			isa = XCBuildConfiguration;
			buildSettings = {
				ALWAYS_SEARCH_USER_PATHS = NO;
				ASSETCATALOG_COMPILER_GENERATE_SWIFT_ASSET_SYMBOL_EXTENSIONS = YES;
				CLANG_ANALYZER_LOCALIZABILITY_NONLOCALIZED = YES;
				CLANG_ANALYZER_NONNULL = YES;
				CLANG_ANALYZER_NUMBER_OBJECT_CONVERSION = YES_AGGRESSIVE;
				CLANG_CXX_LANGUAGE_STANDARD = "gnu++20";
				CLANG_ENABLE_MODULES = YES;
				CLANG_ENABLE_OBJC_ARC = YES;
				CLANG_ENABLE_OBJC_WEAK = YES;
				CLANG_WARN_BLOCK_CAPTURE_AUTORELEASING = YES;
				CLANG_WARN_BOOL_CONVERSION = YES;
				CLANG_WARN_COMMA = YES;
				CLANG_WARN_CONSTANT_CONVERSION = YES;
				CLANG_WARN_DEPRECATED_OBJC_IMPLEMENTATIONS = YES;
				CLANG_WARN_DIRECT_OBJC_ISA_USAGE = YES_ERROR;
				CLANG_WARN_DOCUMENTATION_COMMENTS = YES;
				CLANG_WARN_EMPTY_BODY = YES;
				CLANG_WARN_ENUM_CONVERSION = YES;
				CLANG_WARN_INFINITE_RECURSION = YES;
				CLANG_WARN_INT_CONVERSION = YES;
				CLANG_WARN_NON_LITERAL_NULL_CONVERSION = YES;
				CLANG_WARN_OBJC_IMPLICIT_RETAIN_SELF = YES;
				CLANG_WARN_OBJC_LITERAL_CONVERSION = YES;
				CLANG_WARN_OBJC_ROOT_CLASS = YES_ERROR;
				CLANG_WARN_QUOTED_INCLUDE_IN_FRAMEWORK_HEADER = YES;
				CLANG_WARN_RANGE_LOOP_ANALYSIS = YES;
				CLANG_WARN_STRICT_PROTOTYPES = YES;
				CLANG_WARN_SUSPICIOUS_MOVE = YES;
				CLANG_WARN_UNGUARDED_AVAILABILITY = YES_AGGRESSIVE;
				CLANG_WARN_UNREACHABLE_CODE = YES;
				CLANG_WARN__DUPLICATE_METHOD_MATCH = YES;
				COPY_PHASE_STRIP = NO;
				DEBUG_INFORMATION_FORMAT = "dwarf-with-dsym";
				ENABLE_NS_ASSERTIONS = NO;
				ENABLE_STRICT_OBJC_MSGSEND = YES;
				ENABLE_USER_SCRIPT_SANDBOXING = YES;
				GCC_C_LANGUAGE_STANDARD = gnu17;
				GCC_NO_COMMON_BLOCKS = YES;
				GCC_WARN_64_TO_32_BIT_CONVERSION = YES;
				GCC_WARN_ABOUT_RETURN_TYPE = YES_ERROR;
				GCC_WARN_UNDECLARED_SELECTOR = YES;
				GCC_WARN_UNINITIALIZED_AUTOS = YES_AGGRESSIVE;
				GCC_WARN_UNUSED_FUNCTION = YES;
				GCC_WARN_UNUSED_VARIABLE = YES;
				IPHONEOS_DEPLOYMENT_TARGET = 18.2;
				LOCALIZATION_PREFERS_STRING_CATALOGS = YES;
				MTL_ENABLE_DEBUG_INFO = NO;
				MTL_FAST_MATH = YES;
				SDKROOT = iphoneos;
				SWIFT_COMPILATION_MODE = wholemodule;
				VALIDATE_PRODUCT = YES;
			};
			name = Release;
		};
		5B08EA772D75ED2400AB9F63 /* Debug */ = {
			isa = XCBuildConfiguration;
			buildSettings = {
				ASSETCATALOG_COMPILER_APPICON_NAME = AppIcon;
				ASSETCATALOG_COMPILER_GLOBAL_ACCENT_COLOR_NAME = AccentColor;
				CODE_SIGN_ENTITLEMENTS = "!Flags/!Flags.entitlements";
				CODE_SIGN_STYLE = Automatic;
				CURRENT_PROJECT_VERSION = 1;
				DEVELOPMENT_ASSET_PATHS = "\"!Flags/Preview Content\"";
				DEVELOPMENT_TEAM = 957QNR76VZ;
				ENABLE_PREVIEWS = YES;
				GENERATE_INFOPLIST_FILE = YES;
				INFOPLIST_FILE = "!Flags/Info.plist";
				INFOPLIST_KEY_CFBundleDisplayName = "!Flags";
				INFOPLIST_KEY_LSApplicationCategoryType = "public.app-category.education";
				INFOPLIST_KEY_UIApplicationSceneManifest_Generation = YES;
				INFOPLIST_KEY_UIApplicationSupportsIndirectInputEvents = YES;
				INFOPLIST_KEY_UILaunchScreen_Generation = YES;
				INFOPLIST_KEY_UISupportedInterfaceOrientations_iPad = "UIInterfaceOrientationPortrait UIInterfaceOrientationPortraitUpsideDown UIInterfaceOrientationLandscapeLeft UIInterfaceOrientationLandscapeRight";
				INFOPLIST_KEY_UISupportedInterfaceOrientations_iPhone = "UIInterfaceOrientationPortrait UIInterfaceOrientationLandscapeLeft UIInterfaceOrientationLandscapeRight";
				IPHONEOS_DEPLOYMENT_TARGET = 17.6;
				LD_RUNPATH_SEARCH_PATHS = (
					"$(inherited)",
					"@executable_path/Frameworks",
				);
				MARKETING_VERSION = 1.0.2;
				PRODUCT_BUNDLE_IDENTIFIER = com.oleksii.flags;
				PRODUCT_NAME = "$(TARGET_NAME)";
				SUPPORTED_PLATFORMS = "iphoneos iphonesimulator";
				SUPPORTS_MACCATALYST = NO;
				SUPPORTS_MAC_DESIGNED_FOR_IPHONE_IPAD = NO;
				SUPPORTS_XR_DESIGNED_FOR_IPHONE_IPAD = NO;
				SWIFT_EMIT_LOC_STRINGS = YES;
				SWIFT_VERSION = 5.0;
				TARGETED_DEVICE_FAMILY = 1;
			};
			name = Debug;
		};
		5B08EA782D75ED2400AB9F63 /* Release */ = {
			isa = XCBuildConfiguration;
			buildSettings = {
				ASSETCATALOG_COMPILER_APPICON_NAME = AppIcon;
				ASSETCATALOG_COMPILER_GLOBAL_ACCENT_COLOR_NAME = AccentColor;
				CODE_SIGN_ENTITLEMENTS = "!Flags/!Flags.entitlements";
				CODE_SIGN_STYLE = Automatic;
				CURRENT_PROJECT_VERSION = 1;
				DEVELOPMENT_ASSET_PATHS = "\"!Flags/Preview Content\"";
				DEVELOPMENT_TEAM = 957QNR76VZ;
				ENABLE_PREVIEWS = YES;
				GENERATE_INFOPLIST_FILE = YES;
				INFOPLIST_FILE = "!Flags/Info.plist";
				INFOPLIST_KEY_CFBundleDisplayName = "!Flags";
				INFOPLIST_KEY_LSApplicationCategoryType = "public.app-category.education";
				INFOPLIST_KEY_UIApplicationSceneManifest_Generation = YES;
				INFOPLIST_KEY_UIApplicationSupportsIndirectInputEvents = YES;
				INFOPLIST_KEY_UILaunchScreen_Generation = YES;
				INFOPLIST_KEY_UISupportedInterfaceOrientations_iPad = "UIInterfaceOrientationPortrait UIInterfaceOrientationPortraitUpsideDown UIInterfaceOrientationLandscapeLeft UIInterfaceOrientationLandscapeRight";
				INFOPLIST_KEY_UISupportedInterfaceOrientations_iPhone = "UIInterfaceOrientationPortrait UIInterfaceOrientationLandscapeLeft UIInterfaceOrientationLandscapeRight";
				IPHONEOS_DEPLOYMENT_TARGET = 17.6;
				LD_RUNPATH_SEARCH_PATHS = (
					"$(inherited)",
					"@executable_path/Frameworks",
				);
				MARKETING_VERSION = 1.0.2;
				PRODUCT_BUNDLE_IDENTIFIER = com.oleksii.flags;
				PRODUCT_NAME = "$(TARGET_NAME)";
				SUPPORTED_PLATFORMS = "iphoneos iphonesimulator";
				SUPPORTS_MACCATALYST = NO;
				SUPPORTS_MAC_DESIGNED_FOR_IPHONE_IPAD = NO;
				SUPPORTS_XR_DESIGNED_FOR_IPHONE_IPAD = NO;
				SWIFT_EMIT_LOC_STRINGS = YES;
				SWIFT_VERSION = 5.0;
				TARGETED_DEVICE_FAMILY = 1;
			};
			name = Release;
		};
		5B08EA7A2D75ED2400AB9F63 /* Debug */ = {
			isa = XCBuildConfiguration;
			buildSettings = {
				BUNDLE_LOADER = "$(TEST_HOST)";
				CODE_SIGN_STYLE = Automatic;
				CURRENT_PROJECT_VERSION = 1;
				DEVELOPMENT_TEAM = 957QNR76VZ;
				GENERATE_INFOPLIST_FILE = YES;
				IPHONEOS_DEPLOYMENT_TARGET = 18.2;
				MARKETING_VERSION = 1.0.2;
				PRODUCT_BUNDLE_IDENTIFIER = "Flags.-FlagsTests";
				PRODUCT_NAME = "$(TARGET_NAME)";
				SWIFT_EMIT_LOC_STRINGS = NO;
				SWIFT_VERSION = 5.0;
				TARGETED_DEVICE_FAMILY = "1,2";
				TEST_HOST = "$(BUILT_PRODUCTS_DIR)/!Flags.app/$(BUNDLE_EXECUTABLE_FOLDER_PATH)/!Flags";
			};
			name = Debug;
		};
		5B08EA7B2D75ED2400AB9F63 /* Release */ = {
			isa = XCBuildConfiguration;
			buildSettings = {
				BUNDLE_LOADER = "$(TEST_HOST)";
				CODE_SIGN_STYLE = Automatic;
				CURRENT_PROJECT_VERSION = 1;
				DEVELOPMENT_TEAM = 957QNR76VZ;
				GENERATE_INFOPLIST_FILE = YES;
				IPHONEOS_DEPLOYMENT_TARGET = 18.2;
				MARKETING_VERSION = 1.0.2;
				PRODUCT_BUNDLE_IDENTIFIER = "Flags.-FlagsTests";
				PRODUCT_NAME = "$(TARGET_NAME)";
				SWIFT_EMIT_LOC_STRINGS = NO;
				SWIFT_VERSION = 5.0;
				TARGETED_DEVICE_FAMILY = "1,2";
				TEST_HOST = "$(BUILT_PRODUCTS_DIR)/!Flags.app/$(BUNDLE_EXECUTABLE_FOLDER_PATH)/!Flags";
			};
			name = Release;
		};
		5B08EA7D2D75ED2400AB9F63 /* Debug */ = {
			isa = XCBuildConfiguration;
			buildSettings = {
				CODE_SIGN_STYLE = Automatic;
				CURRENT_PROJECT_VERSION = 1;
				DEVELOPMENT_TEAM = 957QNR76VZ;
				GENERATE_INFOPLIST_FILE = YES;
				MARKETING_VERSION = 1.0.2;
				PRODUCT_BUNDLE_IDENTIFIER = "Flags.-FlagsUITests";
				PRODUCT_NAME = "$(TARGET_NAME)";
				SWIFT_EMIT_LOC_STRINGS = NO;
				SWIFT_VERSION = 5.0;
				TARGETED_DEVICE_FAMILY = "1,2";
				TEST_TARGET_NAME = "!Flags";
			};
			name = Debug;
		};
		5B08EA7E2D75ED2400AB9F63 /* Release */ = {
			isa = XCBuildConfiguration;
			buildSettings = {
				CODE_SIGN_STYLE = Automatic;
				CURRENT_PROJECT_VERSION = 1;
				DEVELOPMENT_TEAM = 957QNR76VZ;
				GENERATE_INFOPLIST_FILE = YES;
				MARKETING_VERSION = 1.0.2;
				PRODUCT_BUNDLE_IDENTIFIER = "Flags.-FlagsUITests";
				PRODUCT_NAME = "$(TARGET_NAME)";
				SWIFT_EMIT_LOC_STRINGS = NO;
				SWIFT_VERSION = 5.0;
				TARGETED_DEVICE_FAMILY = "1,2";
				TEST_TARGET_NAME = "!Flags";
			};
			name = Release;
		};
/* End XCBuildConfiguration section */

/* Begin XCConfigurationList section */
		5B08EA4D2D75ED1C00AB9F63 /* Build configuration list for PBXProject "!Flags" */ = {
			isa = XCConfigurationList;
			buildConfigurations = (
				5B08EA742D75ED2400AB9F63 /* Debug */,
				5B08EA752D75ED2400AB9F63 /* Release */,
			);
			defaultConfigurationIsVisible = 0;
			defaultConfigurationName = Release;
		};
		5B08EA762D75ED2400AB9F63 /* Build configuration list for PBXNativeTarget "!Flags" */ = {
			isa = XCConfigurationList;
			buildConfigurations = (
				5B08EA772D75ED2400AB9F63 /* Debug */,
				5B08EA782D75ED2400AB9F63 /* Release */,
			);
			defaultConfigurationIsVisible = 0;
			defaultConfigurationName = Release;
		};
		5B08EA792D75ED2400AB9F63 /* Build configuration list for PBXNativeTarget "!FlagsTests" */ = {
			isa = XCConfigurationList;
			buildConfigurations = (
				5B08EA7A2D75ED2400AB9F63 /* Debug */,
				5B08EA7B2D75ED2400AB9F63 /* Release */,
			);
			defaultConfigurationIsVisible = 0;
			defaultConfigurationName = Release;
		};
		5B08EA7C2D75ED2400AB9F63 /* Build configuration list for PBXNativeTarget "!FlagsUITests" */ = {
			isa = XCConfigurationList;
			buildConfigurations = (
				5B08EA7D2D75ED2400AB9F63 /* Debug */,
				5B08EA7E2D75ED2400AB9F63 /* Release */,
			);
			defaultConfigurationIsVisible = 0;
			defaultConfigurationName = Release;
		};
/* End XCConfigurationList section */

/* Begin XCRemoteSwiftPackageReference section */
		5B38ABF02D78786C00456E30 /* XCRemoteSwiftPackageReference "GoogleSignIn-iOS" */ = {
			isa = XCRemoteSwiftPackageReference;
			repositoryURL = "https://github.com/google/GoogleSignIn-iOS.git";
			requirement = {
				kind = upToNextMajorVersion;
				minimumVersion = 8.0.0;
			};
		};
		5B38ABF52D78790000456E30 /* XCRemoteSwiftPackageReference "keychain-swift" */ = {
			isa = XCRemoteSwiftPackageReference;
			repositoryURL = "https://github.com/evgenyneu/keychain-swift.git";
			requirement = {
				kind = upToNextMajorVersion;
				minimumVersion = 24.0.0;
			};
		};
		5B38AC002D78ADD600456E30 /* XCRemoteSwiftPackageReference "ConfettiSwiftUI" */ = {
			isa = XCRemoteSwiftPackageReference;
			repositoryURL = "https://github.com/simibac/ConfettiSwiftUI";
			requirement = {
				kind = upToNextMajorVersion;
				minimumVersion = 2.0.2;
			};
		};
/* End XCRemoteSwiftPackageReference section */

/* Begin XCSwiftPackageProductDependency section */
		5B38ABF12D78786C00456E30 /* GoogleSignIn */ = {
			isa = XCSwiftPackageProductDependency;
			package = 5B38ABF02D78786C00456E30 /* XCRemoteSwiftPackageReference "GoogleSignIn-iOS" */;
			productName = GoogleSignIn;
		};
		5B38ABF32D78786C00456E30 /* GoogleSignInSwift */ = {
			isa = XCSwiftPackageProductDependency;
			package = 5B38ABF02D78786C00456E30 /* XCRemoteSwiftPackageReference "GoogleSignIn-iOS" */;
			productName = GoogleSignInSwift;
		};
		5B38ABF62D78790000456E30 /* KeychainSwift */ = {
			isa = XCSwiftPackageProductDependency;
			package = 5B38ABF52D78790000456E30 /* XCRemoteSwiftPackageReference "keychain-swift" */;
			productName = KeychainSwift;
		};
		5B38AC012D78ADD600456E30 /* ConfettiSwiftUI */ = {
			isa = XCSwiftPackageProductDependency;
			package = 5B38AC002D78ADD600456E30 /* XCRemoteSwiftPackageReference "ConfettiSwiftUI" */;
			productName = ConfettiSwiftUI;
		};
/* End XCSwiftPackageProductDependency section */
	};
	rootObject = 5B08EA4A2D75ED1C00AB9F63 /* Project object */;
}
